
Microsoft Visual Studio Solution File, Format Version 12.00
# Visual Studio Version 17
VisualStudioVersion = 17.11.35431.28
MinimumVisualStudioVersion = 10.0.40219.1
Project("{FAE04EC0-301F-11D3-BF4B-00C04F79EFBC}") = "TelegramBotSendFile", "TelegramBotSendFile\TelegramBotSendFile.csproj", "{E96B307D-1655-4885-875A-38713D47168C}"
EndProject
Global
	GlobalSection(SolutionConfigurationPlatforms) = preSolution
		Debug|Any CPU = Debug|Any CPU
		Release|Any CPU = Release|Any CPU
	EndGlobalSection
	GlobalSection(ProjectConfigurationPlatforms) = postSolution
		{E96B307D-1655-4885-875A-38713D47168C}.Debug|Any CPU.ActiveCfg = Debug|Any CPU
		{E96B307D-1655-4885-875A-38713D47168C}.Debug|Any CPU.Build.0 = Debug|Any CPU
		{E96B307D-1655-4885-875A-38713D47168C}.Release|Any CPU.ActiveCfg = Release|Any CPU
		{E96B307D-1655-4885-875A-38713D47168C}.Release|Any CPU.Build.0 = Release|Any CPU
	EndGlobalSection
	GlobalSection(SolutionProperties) = preSolution
		HideSolutionNode = FALSE
	EndGlobalSection
	GlobalSection(ExtensibilityGlobals) = postSolution
		SolutionGuid = {3963729D-73E5-4A87-A909-C08445476B73}
	EndGlobalSection
EndGlobal
